
Microsoft Visual Studio Solution File, Format Version 12.00
Project("{FAE04EC0-301F-11D3-BF4B-00C04F79EFBC}") = "Insurance", "Insurance\Insurance.csproj", "{CC2E3939-3FD9-42FD-B664-E70CB3BC3AF6}"
EndProject
Project("{FAE04EC0-301F-11D3-BF4B-00C04F79EFBC}") = "Domain", "Domain\Domain.csproj", "{86D4BAC9-7C64-4562-B300-0B96E18A3BBC}"
EndProject
Project("{FAE04EC0-301F-11D3-BF4B-00C04F79EFBC}") = "Application", "Application\Application.csproj", "{07E2112B-C419-4729-B692-B48D6890B2F7}"
EndProject
Project("{FAE04EC0-301F-11D3-BF4B-00C04F79EFBC}") = "Infrastructure", "Infrastructure\Infrastructure.csproj", "{1DD89B67-A1A1-4B7C-A528-26B2FF2D8DAC}"
EndProject
Global
	GlobalSection(SolutionConfigurationPlatforms) = preSolution
		Debug|Any CPU = Debug|Any CPU
		Release|Any CPU = Release|Any CPU
	EndGlobalSection
	GlobalSection(ProjectConfigurationPlatforms) = postSolution
		{CC2E3939-3FD9-42FD-B664-E70CB3BC3AF6}.Debug|Any CPU.ActiveCfg = Debug|Any CPU
		{CC2E3939-3FD9-42FD-B664-E70CB3BC3AF6}.Debug|Any CPU.Build.0 = Debug|Any CPU
		{CC2E3939-3FD9-42FD-B664-E70CB3BC3AF6}.Release|Any CPU.ActiveCfg = Release|Any CPU
		{CC2E3939-3FD9-42FD-B664-E70CB3BC3AF6}.Release|Any CPU.Build.0 = Release|Any CPU
		{86D4BAC9-7C64-4562-B300-0B96E18A3BBC}.Debug|Any CPU.ActiveCfg = Debug|Any CPU
		{86D4BAC9-7C64-4562-B300-0B96E18A3BBC}.Debug|Any CPU.Build.0 = Debug|Any CPU
		{86D4BAC9-7C64-4562-B300-0B96E18A3BBC}.Release|Any CPU.ActiveCfg = Release|Any CPU
		{86D4BAC9-7C64-4562-B300-0B96E18A3BBC}.Release|Any CPU.Build.0 = Release|Any CPU
		{07E2112B-C419-4729-B692-B48D6890B2F7}.Debug|Any CPU.ActiveCfg = Debug|Any CPU
		{07E2112B-C419-4729-B692-B48D6890B2F7}.Debug|Any CPU.Build.0 = Debug|Any CPU
		{07E2112B-C419-4729-B692-B48D6890B2F7}.Release|Any CPU.ActiveCfg = Release|Any CPU
		{07E2112B-C419-4729-B692-B48D6890B2F7}.Release|Any CPU.Build.0 = Release|Any CPU
		{1DD89B67-A1A1-4B7C-A528-26B2FF2D8DAC}.Debug|Any CPU.ActiveCfg = Debug|Any CPU
		{1DD89B67-A1A1-4B7C-A528-26B2FF2D8DAC}.Debug|Any CPU.Build.0 = Debug|Any CPU
		{1DD89B67-A1A1-4B7C-A528-26B2FF2D8DAC}.Release|Any CPU.ActiveCfg = Release|Any CPU
		{1DD89B67-A1A1-4B7C-A528-26B2FF2D8DAC}.Release|Any CPU.Build.0 = Release|Any CPU
	EndGlobalSection
EndGlobal
